<?xml version="1.0" encoding="UTF-8" standalone="yes" ?>
<CodeBlocks_project_file>
	<FileVersion major="1" minor="6" />
	<Project>
		<Option title="lpc_chip_81x" />
		<Option makefile_is_custom="1" />
		<Option pch_mode="2" />
		<Option compiler="gcc" />
		<Build>
			<Target title="debug">
				<Option output="bin/debug/lpc_chip_81x" prefix_auto="1" extension_auto="1" />
				<Option working_dir="" />
				<Option object_output="obj/debug/" />
				<Option type="2" />
				<Option compiler="gcc" />
				<Option createDefFile="1" />
				<Compiler>
					<Add option="-g" />
				</Compiler>
				<MakeCommands>
					<Build command="$make -f $makefile $target" />
					<CompileFile command="$make -f $makefile $file" />
					<Clean command="$make -f $makefile clean" />
					<DistClean command="$make -f $makefile distclean$target" />
					<AskRebuildNeeded command="$make -q -f $makefile $target" />
					<SilentBuild command="$make -f $makefile $target &gt; $(CMD_NULL)" />
				</MakeCommands>
			</Target>
			<Target title="release">
				<Option output="bin/release/lpc_chip_81x" prefix_auto="1" extension_auto="1" />
				<Option working_dir="" />
				<Option object_output="obj/release/" />
				<Option type="2" />
				<Option compiler="gcc" />
				<Option createDefFile="1" />
				<Compiler>
					<Add option="-O2" />
				</Compiler>
				<Linker>
					<Add option="-s" />
				</Linker>
				<MakeCommands>
					<Build command="$make -f $makefile $target" />
					<CompileFile command="$make -f $makefile $file" />
					<Clean command="$make -f $makefile clean" />
					<DistClean command="$make -f $makefile distclean$target" />
					<AskRebuildNeeded command="$make -q -f $makefile $target" />
					<SilentBuild command="$make -f $makefile $target &gt; $(CMD_NULL)" />
				</MakeCommands>
			</Target>
		</Build>
		<Compiler>
			<Add option="-Wall" />
		</Compiler>
		<Unit filename="Makefile" />
		<Unit filename="inc/acmp_8xx.h" />
		<Unit filename="inc/chip.h" />
		<Unit filename="inc/clock_8xx.h" />
		<Unit filename="inc/cmsis.h" />
		<Unit filename="inc/core_cm0plus.h" />
		<Unit filename="inc/core_cmFunc.h" />
		<Unit filename="inc/core_cmInstr.h" />
		<Unit filename="inc/crc_8xx.h" />
		<Unit filename="inc/eeprom.h" />
		<Unit filename="inc/error.h" />
		<Unit filename="inc/error_8xx.h" />
		<Unit filename="inc/fmc_8xx.h" />
		<Unit filename="inc/gpio_8xx.h" />
		<Unit filename="inc/i2c_common_8xx.h" />
		<Unit filename="inc/i2cm_8xx.h" />
		<Unit filename="inc/i2cs_8xx.h" />
		<Unit filename="inc/iap.h" />
		<Unit filename="inc/inmux_8xx.h" />
		<Unit filename="inc/iocon_8xx.h" />
		<Unit filename="inc/irc_8xx.h" />
		<Unit filename="inc/lpc_types.h" />
		<Unit filename="inc/mrt_8xx.h" />
		<Unit filename="inc/packing.h" />
		<Unit filename="inc/pinint_8xx.h" />
		<Unit filename="inc/pmu_8xx.h" />
		<Unit filename="inc/ring_buffer.h" />
		<Unit filename="inc/rom_i2c_8xx.h" />
		<Unit filename="inc/rom_pwr_8xx.h" />
		<Unit filename="inc/rom_uart_8xx.h" />
		<Unit filename="inc/romapi_8xx.h" />
		<Unit filename="inc/rtc_ut.h" />
		<Unit filename="inc/sct_8xx.h" />
		<Unit filename="inc/sct_pwm_8xx.h" />
		<Unit filename="inc/spi_8xx.h" />
		<Unit filename="inc/spi_common_8xx.h" />
		<Unit filename="inc/spim_8xx.h" />
		<Unit filename="inc/spis_8xx.h" />
		<Unit filename="inc/stopwatch.h" />
		<Unit filename="inc/swm_8xx.h" />
		<Unit filename="inc/sys_config.h" />
		<Unit filename="inc/syscon_8xx.h" />
		<Unit filename="inc/uart_8xx.h" />
		<Unit filename="inc/wkt_8xx.h" />
		<Unit filename="inc/wwdt_8xx.h" />
		<Unit filename="src/acmp_8xx.c">
			<Option compilerVar="CC" />
		</Unit>
		<Unit filename="src/chip_8xx.c">
			<Option compilerVar="CC" />
		</Unit>
		<Unit filename="src/clock_8xx.c">
			<Option compilerVar="CC" />
		</Unit>
		<Unit filename="src/crc_8xx.c">
			<Option compilerVar="CC" />
		</Unit>
		<Unit filename="src/gpio_8xx.c">
			<Option compilerVar="CC" />
		</Unit>
		<Unit filename="src/i2c_common_8xx.c">
			<Option compilerVar="CC" />
		</Unit>
		<Unit filename="src/i2cm_8xx.c">
			<Option compilerVar="CC" />
		</Unit>
		<Unit filename="src/i2cs_8xx.c">
			<Option compilerVar="CC" />
		</Unit>
		<Unit filename="src/iap.c">
			<Option compilerVar="CC" />
		</Unit>
		<Unit filename="src/iocon_8xx.c">
			<Option compilerVar="CC" />
		</Unit>
		<Unit filename="src/irc_8xx.c">
			<Option compilerVar="CC" />
		</Unit>
		<Unit filename="src/pinint_8xx.c">
			<Option compilerVar="CC" />
		</Unit>
		<Unit filename="src/pmu_8xx.c">
			<Option compilerVar="CC" />
		</Unit>
		<Unit filename="src/ring_buffer.c">
			<Option compilerVar="CC" />
		</Unit>
		<Unit filename="src/sct_8xx.c">
			<Option compilerVar="CC" />
		</Unit>
		<Unit filename="src/sct_pwm_8xx.c">
			<Option compilerVar="CC" />
		</Unit>
		<Unit filename="src/spi_8xx.c">
			<Option compilerVar="CC" />
		</Unit>
		<Unit filename="src/spim_8xx.c">
			<Option compilerVar="CC" />
		</Unit>
		<Unit filename="src/spis_8xx.c">
			<Option compilerVar="CC" />
		</Unit>
		<Unit filename="src/stopwatch_8xx.c">
			<Option compilerVar="CC" />
		</Unit>
		<Unit filename="src/swm_8xx.c">
			<Option compilerVar="CC" />
		</Unit>
		<Unit filename="src/syscon_8xx.c">
			<Option compilerVar="CC" />
		</Unit>
		<Unit filename="src/sysinit_8xx.c">
			<Option compilerVar="CC" />
		</Unit>
		<Unit filename="src/uart_8xx.c">
			<Option compilerVar="CC" />
		</Unit>
		<Unit filename="src/wkt_8xx.c">
			<Option compilerVar="CC" />
		</Unit>
		<Unit filename="src/wwdt_8xx.c">
			<Option compilerVar="CC" />
		</Unit>
		<Extensions>
			<code_completion />
			<debugger />
		</Extensions>
	</Project>
</CodeBlocks_project_file>
